
Microsoft Visual Studio Solution File, Format Version 12.00
# Visual Studio 2013
VisualStudioVersion = 12.0.40629.0
MinimumVisualStudioVersion = 10.0.40219.1
Project("{2150E333-8FDC-42A3-9474-1A3956D46DE8}") = ".nuget", ".nuget", "{D23E6D11-1F29-4A79-ABC3-294D1722302F}"
	ProjectSection(SolutionItems) = preProject
		.nuget\NuGet.Config = .nuget\NuGet.Config
		.nuget\NuGet.exe = .nuget\NuGet.exe
		.nuget\NuGet.targets = .nuget\NuGet.targets
	EndProjectSection
EndProject
Project("{2150E333-8FDC-42A3-9474-1A3956D46DE8}") = "WebUI", "WebUI", "{BBECC235-1D95-4F2C-A2B5-D526C44CA845}"
EndProject
Project("{2150E333-8FDC-42A3-9474-1A3956D46DE8}") = "App", "App", "{46318EAA-9268-4867-A345-E2288FACBA03}"
EndProject
Project("{2150E333-8FDC-42A3-9474-1A3956D46DE8}") = "DB", "DB", "{7BFD0698-1095-4649-9C00-FC8C71F58D9D}"
EndProject
Project("{2150E333-8FDC-42A3-9474-1A3956D46DE8}") = "Library", "Library", "{25909E3D-25EC-4DEF-BEEB-DFAD09F97018}"
EndProject
Project("{2150E333-8FDC-42A3-9474-1A3956D46DE8}") = "Solution Items", "Solution Items", "{AEFB4F79-B2F2-487A-8627-8742018F0C6A}"
	ProjectSection(SolutionItems) = preProject
		C:\Users\龙龙\Desktop\服务器信息.txt = C:\Users\龙龙\Desktop\服务器信息.txt
		短信接口账号.txt = 短信接口账号.txt
	EndProjectSection
EndProject
Project("{00D1A9C2-B5F0-4AF3-8072-F6C62B433612}") = "Database", "Database\Database.sqlproj", "{D0F1EB54-27BF-4EA5-A034-C8811CB6F549}"
EndProject
Project("{FAE04EC0-301F-11D3-BF4B-00C04F79EFBC}") = "Staryl.Static", "Staryl.Static\Staryl.Static.csproj", "{269D444F-5C83-4E2E-86CC-14417AC5CA97}"
EndProject
Project("{FAE04EC0-301F-11D3-BF4B-00C04F79EFBC}") = "Staryl.Manage", "Staryl.Manage\Staryl.Manage.csproj", "{79207B6A-AB31-43F8-95BD-E695F52307BB}"
EndProject
Project("{FAE04EC0-301F-11D3-BF4B-00C04F79EFBC}") = "Staryl.DAL", "Staryl.DAL\Staryl.DAL.csproj", "{68C5C39A-85D5-49C6-AD8D-9E0E810D35D4}"
EndProject
Project("{FAE04EC0-301F-11D3-BF4B-00C04F79EFBC}") = "Staryl.Entity", "Staryl.Entity\Staryl.Entity.csproj", "{1C2EAF33-307C-4B13-B7A2-9FE3E1876747}"
EndProject
Project("{FAE04EC0-301F-11D3-BF4B-00C04F79EFBC}") = "Staryl.IDAL", "Staryl.IDAL\Staryl.IDAL.csproj", "{40357BCA-A9DE-447D-AF9E-E75257FE9A06}"
EndProject
Project("{FAE04EC0-301F-11D3-BF4B-00C04F79EFBC}") = "Staryl.BLL", "Staryl.BLL\Staryl.BLL.csproj", "{994E8998-B3F1-450A-999E-A3C5B54DAAAF}"
EndProject
Project("{FAE04EC0-301F-11D3-BF4B-00C04F79EFBC}") = "Staryl.Factory", "Staryl.Factory\Staryl.Factory.csproj", "{CB26BBCB-0C38-4312-B11A-7CE4DA0C8EF5}"
EndProject
Project("{FAE04EC0-301F-11D3-BF4B-00C04F79EFBC}") = "Staryl.Library", "Staryl.Library\Staryl.Library.csproj", "{CB7C41D7-1CCB-4E6D-99D9-CBD79148EF71}"
EndProject
Project("{FAE04EC0-301F-11D3-BF4B-00C04F79EFBC}") = "Staryl.WeiXin", "Staryl.WeiXin\Staryl.WeiXin.csproj", "{3DE76F2A-AA97-483F-8235-1CC379EFB44B}"
EndProject
Project("{FAE04EC0-301F-11D3-BF4B-00C04F79EFBC}") = "Staryl.API", "Staryl.API\Staryl.API.csproj", "{9232A3D6-4298-4F52-AFAB-A8DBF318726F}"
EndProject
Project("{FAE04EC0-301F-11D3-BF4B-00C04F79EFBC}") = "Staryl.Aop", "Staryl.Aop\Staryl.Aop.csproj", "{A0C95901-60FB-428F-9434-5A5B8E4F5ABA}"
EndProject
Global
	GlobalSection(SolutionConfigurationPlatforms) = preSolution
		Debug|Any CPU = Debug|Any CPU
		Release|Any CPU = Release|Any CPU
	EndGlobalSection
	GlobalSection(ProjectConfigurationPlatforms) = postSolution
		{D0F1EB54-27BF-4EA5-A034-C8811CB6F549}.Debug|Any CPU.ActiveCfg = Debug|Any CPU
		{D0F1EB54-27BF-4EA5-A034-C8811CB6F549}.Debug|Any CPU.Build.0 = Debug|Any CPU
		{D0F1EB54-27BF-4EA5-A034-C8811CB6F549}.Debug|Any CPU.Deploy.0 = Debug|Any CPU
		{D0F1EB54-27BF-4EA5-A034-C8811CB6F549}.Release|Any CPU.ActiveCfg = Release|Any CPU
		{D0F1EB54-27BF-4EA5-A034-C8811CB6F549}.Release|Any CPU.Build.0 = Release|Any CPU
		{D0F1EB54-27BF-4EA5-A034-C8811CB6F549}.Release|Any CPU.Deploy.0 = Release|Any CPU
		{269D444F-5C83-4E2E-86CC-14417AC5CA97}.Debug|Any CPU.ActiveCfg = Debug|Any CPU
		{269D444F-5C83-4E2E-86CC-14417AC5CA97}.Debug|Any CPU.Build.0 = Debug|Any CPU
		{269D444F-5C83-4E2E-86CC-14417AC5CA97}.Release|Any CPU.ActiveCfg = Release|Any CPU
		{269D444F-5C83-4E2E-86CC-14417AC5CA97}.Release|Any CPU.Build.0 = Release|Any CPU
		{79207B6A-AB31-43F8-95BD-E695F52307BB}.Debug|Any CPU.ActiveCfg = Debug|Any CPU
		{79207B6A-AB31-43F8-95BD-E695F52307BB}.Debug|Any CPU.Build.0 = Debug|Any CPU
		{79207B6A-AB31-43F8-95BD-E695F52307BB}.Release|Any CPU.ActiveCfg = Release|Any CPU
		{79207B6A-AB31-43F8-95BD-E695F52307BB}.Release|Any CPU.Build.0 = Release|Any CPU
		{68C5C39A-85D5-49C6-AD8D-9E0E810D35D4}.Debug|Any CPU.ActiveCfg = Debug|Any CPU
		{68C5C39A-85D5-49C6-AD8D-9E0E810D35D4}.Debug|Any CPU.Build.0 = Debug|Any CPU
		{68C5C39A-85D5-49C6-AD8D-9E0E810D35D4}.Release|Any CPU.ActiveCfg = Release|Any CPU
		{68C5C39A-85D5-49C6-AD8D-9E0E810D35D4}.Release|Any CPU.Build.0 = Release|Any CPU
		{1C2EAF33-307C-4B13-B7A2-9FE3E1876747}.Debug|Any CPU.ActiveCfg = Debug|Any CPU
		{1C2EAF33-307C-4B13-B7A2-9FE3E1876747}.Debug|Any CPU.Build.0 = Debug|Any CPU
		{1C2EAF33-307C-4B13-B7A2-9FE3E1876747}.Release|Any CPU.ActiveCfg = Release|Any CPU
		{1C2EAF33-307C-4B13-B7A2-9FE3E1876747}.Release|Any CPU.Build.0 = Release|Any CPU
		{40357BCA-A9DE-447D-AF9E-E75257FE9A06}.Debug|Any CPU.ActiveCfg = Debug|Any CPU
		{40357BCA-A9DE-447D-AF9E-E75257FE9A06}.Debug|Any CPU.Build.0 = Debug|Any CPU
		{40357BCA-A9DE-447D-AF9E-E75257FE9A06}.Release|Any CPU.ActiveCfg = Release|Any CPU
		{40357BCA-A9DE-447D-AF9E-E75257FE9A06}.Release|Any CPU.Build.0 = Release|Any CPU
		{994E8998-B3F1-450A-999E-A3C5B54DAAAF}.Debug|Any CPU.ActiveCfg = Debug|Any CPU
		{994E8998-B3F1-450A-999E-A3C5B54DAAAF}.Debug|Any CPU.Build.0 = Debug|Any CPU
		{994E8998-B3F1-450A-999E-A3C5B54DAAAF}.Release|Any CPU.ActiveCfg = Release|Any CPU
		{994E8998-B3F1-450A-999E-A3C5B54DAAAF}.Release|Any CPU.Build.0 = Release|Any CPU
		{CB26BBCB-0C38-4312-B11A-7CE4DA0C8EF5}.Debug|Any CPU.ActiveCfg = Debug|Any CPU
		{CB26BBCB-0C38-4312-B11A-7CE4DA0C8EF5}.Debug|Any CPU.Build.0 = Debug|Any CPU
		{CB26BBCB-0C38-4312-B11A-7CE4DA0C8EF5}.Release|Any CPU.ActiveCfg = Release|Any CPU
		{CB26BBCB-0C38-4312-B11A-7CE4DA0C8EF5}.Release|Any CPU.Build.0 = Release|Any CPU
		{CB7C41D7-1CCB-4E6D-99D9-CBD79148EF71}.Debug|Any CPU.ActiveCfg = Debug|Any CPU
		{CB7C41D7-1CCB-4E6D-99D9-CBD79148EF71}.Debug|Any CPU.Build.0 = Debug|Any CPU
		{CB7C41D7-1CCB-4E6D-99D9-CBD79148EF71}.Release|Any CPU.ActiveCfg = Release|Any CPU
		{CB7C41D7-1CCB-4E6D-99D9-CBD79148EF71}.Release|Any CPU.Build.0 = Release|Any CPU
		{3DE76F2A-AA97-483F-8235-1CC379EFB44B}.Debug|Any CPU.ActiveCfg = Debug|Any CPU
		{3DE76F2A-AA97-483F-8235-1CC379EFB44B}.Debug|Any CPU.Build.0 = Debug|Any CPU
		{3DE76F2A-AA97-483F-8235-1CC379EFB44B}.Release|Any CPU.ActiveCfg = Release|Any CPU
		{3DE76F2A-AA97-483F-8235-1CC379EFB44B}.Release|Any CPU.Build.0 = Release|Any CPU
		{9232A3D6-4298-4F52-AFAB-A8DBF318726F}.Debug|Any CPU.ActiveCfg = Debug|Any CPU
		{9232A3D6-4298-4F52-AFAB-A8DBF318726F}.Debug|Any CPU.Build.0 = Debug|Any CPU
		{9232A3D6-4298-4F52-AFAB-A8DBF318726F}.Release|Any CPU.ActiveCfg = Release|Any CPU
		{9232A3D6-4298-4F52-AFAB-A8DBF318726F}.Release|Any CPU.Build.0 = Release|Any CPU
		{A0C95901-60FB-428F-9434-5A5B8E4F5ABA}.Debug|Any CPU.ActiveCfg = Debug|Any CPU
		{A0C95901-60FB-428F-9434-5A5B8E4F5ABA}.Debug|Any CPU.Build.0 = Debug|Any CPU
		{A0C95901-60FB-428F-9434-5A5B8E4F5ABA}.Release|Any CPU.ActiveCfg = Release|Any CPU
		{A0C95901-60FB-428F-9434-5A5B8E4F5ABA}.Release|Any CPU.Build.0 = Release|Any CPU
	EndGlobalSection
	GlobalSection(SolutionProperties) = preSolution
		HideSolutionNode = FALSE
	EndGlobalSection
	GlobalSection(NestedProjects) = preSolution
		{D0F1EB54-27BF-4EA5-A034-C8811CB6F549} = {7BFD0698-1095-4649-9C00-FC8C71F58D9D}
		{269D444F-5C83-4E2E-86CC-14417AC5CA97} = {BBECC235-1D95-4F2C-A2B5-D526C44CA845}
		{79207B6A-AB31-43F8-95BD-E695F52307BB} = {BBECC235-1D95-4F2C-A2B5-D526C44CA845}
		{68C5C39A-85D5-49C6-AD8D-9E0E810D35D4} = {46318EAA-9268-4867-A345-E2288FACBA03}
		{1C2EAF33-307C-4B13-B7A2-9FE3E1876747} = {46318EAA-9268-4867-A345-E2288FACBA03}
		{40357BCA-A9DE-447D-AF9E-E75257FE9A06} = {46318EAA-9268-4867-A345-E2288FACBA03}
		{994E8998-B3F1-450A-999E-A3C5B54DAAAF} = {46318EAA-9268-4867-A345-E2288FACBA03}
		{CB26BBCB-0C38-4312-B11A-7CE4DA0C8EF5} = {46318EAA-9268-4867-A345-E2288FACBA03}
		{CB7C41D7-1CCB-4E6D-99D9-CBD79148EF71} = {25909E3D-25EC-4DEF-BEEB-DFAD09F97018}
		{3DE76F2A-AA97-483F-8235-1CC379EFB44B} = {BBECC235-1D95-4F2C-A2B5-D526C44CA845}
		{9232A3D6-4298-4F52-AFAB-A8DBF318726F} = {BBECC235-1D95-4F2C-A2B5-D526C44CA845}
		{A0C95901-60FB-428F-9434-5A5B8E4F5ABA} = {46318EAA-9268-4867-A345-E2288FACBA03}
	EndGlobalSection
EndGlobal
